
Microsoft Visual Studio Solution File, Format Version 12.00
# Visual Studio Version 16
VisualStudioVersion = 16.0.30804.86
MinimumVisualStudioVersion = 10.0.40219.1
Project("{FAE04EC0-301F-11D3-BF4B-00C04F79EFBC}") = "Task8", "Task8\Task8.csproj", "{519D2A77-6077-46F9-8FA5-07328E74B966}"
EndProject
Global
	GlobalSection(SolutionConfigurationPlatforms) = preSolution
		Debug|Any CPU = Debug|Any CPU
		Release|Any CPU = Release|Any CPU
	EndGlobalSection
	GlobalSection(ProjectConfigurationPlatforms) = postSolution
		{519D2A77-6077-46F9-8FA5-07328E74B966}.Debug|Any CPU.ActiveCfg = Debug|Any CPU
		{519D2A77-6077-46F9-8FA5-07328E74B966}.Debug|Any CPU.Build.0 = Debug|Any CPU
		{519D2A77-6077-46F9-8FA5-07328E74B966}.Release|Any CPU.ActiveCfg = Release|Any CPU
		{519D2A77-6077-46F9-8FA5-07328E74B966}.Release|Any CPU.Build.0 = Release|Any CPU
	EndGlobalSection
	GlobalSection(SolutionProperties) = preSolution
		HideSolutionNode = FALSE
	EndGlobalSection
	GlobalSection(ExtensibilityGlobals) = postSolution
		SolutionGuid = {C8F542BB-12A4-4792-AC7D-CD9217382323}
	EndGlobalSection
EndGlobal
